
Microsoft Visual Studio Solution File, Format Version 12.00
# Visual Studio Version 16
VisualStudioVersion = 16.0.30104.148
MinimumVisualStudioVersion = 10.0.40219.1
Project("{FAE04EC0-301F-11D3-BF4B-00C04F79EFBC}") = "SimpleAPI", "SimpleAPI\SimpleAPI.csproj", "{B5E833B0-8838-44DB-A341-A7D043632368}"
EndProject
Global
	GlobalSection(SolutionConfigurationPlatforms) = preSolution
		Debug|Any CPU = Debug|Any CPU
		Release|Any CPU = Release|Any CPU
	EndGlobalSection
	GlobalSection(ProjectConfigurationPlatforms) = postSolution
		{B5E833B0-8838-44DB-A341-A7D043632368}.Debug|Any CPU.ActiveCfg = Debug|Any CPU
		{B5E833B0-8838-44DB-A341-A7D043632368}.Debug|Any CPU.Build.0 = Debug|Any CPU
		{B5E833B0-8838-44DB-A341-A7D043632368}.Release|Any CPU.ActiveCfg = Release|Any CPU
		{B5E833B0-8838-44DB-A341-A7D043632368}.Release|Any CPU.Build.0 = Release|Any CPU
	EndGlobalSection
	GlobalSection(SolutionProperties) = preSolution
		HideSolutionNode = FALSE
	EndGlobalSection
	GlobalSection(ExtensibilityGlobals) = postSolution
		SolutionGuid = {61954DC2-B1CB-4C98-BF2E-CE4E5E5BE132}
	EndGlobalSection
EndGlobal
